
Microsoft Visual Studio Solution File, Format Version 12.00
# Visual Studio Version 16
VisualStudioVersion = 16.0.29215.179
MinimumVisualStudioVersion = 10.0.40219.1
Project("{2150E333-8FDC-42A3-9474-1A3956D46DE8}") = "0-Domain", "0-Domain", "{E427B4C7-AC13-4C2B-A20E-C1D7595C60AB}"
EndProject
Project("{2150E333-8FDC-42A3-9474-1A3956D46DE8}") = "1-Teste", "1-Teste", "{90D558A2-0FF7-40C0-B631-5363A55C6390}"
EndProject
Project("{2150E333-8FDC-42A3-9474-1A3956D46DE8}") = "2-Infra", "2-Infra", "{61934309-DAA5-481E-8C69-AE24C1F37389}"
EndProject
Project("{2150E333-8FDC-42A3-9474-1A3956D46DE8}") = "3-Aplication", "3-Aplication", "{0BE8AE99-6E12-4239-836A-B8C1967721B9}"
EndProject
Project("{2150E333-8FDC-42A3-9474-1A3956D46DE8}") = "4-API", "4-API", "{F7B6822E-D39C-40BA-A75B-7FE7E4D33D65}"
EndProject
Project("{2150E333-8FDC-42A3-9474-1A3956D46DE8}") = "5-Apresentação", "5-Apresentação", "{C734E2CA-9D1A-40ED-A4ED-76174453F546}"
EndProject
Project("{9A19103F-16F7-4668-BE54-9A1E7A4F7556}") = "DomainProject", "DomainProject\DomainProject.csproj", "{5E28AF56-40FF-40AE-AFBA-8DEC779160E2}"
EndProject
Project("{2150E333-8FDC-42A3-9474-1A3956D46DE8}") = "Data", "Data", "{E8E6EAA1-A2E4-46FF-8B87-BE9A1C13BCD3}"
EndProject
Project("{2150E333-8FDC-42A3-9474-1A3956D46DE8}") = "CrossCutting", "CrossCutting", "{73D3C8D1-5B12-4A99-B958-489B970F5EA0}"
EndProject
Project("{9A19103F-16F7-4668-BE54-9A1E7A4F7556}") = "DotnetSotre.Infra.Data", "DotnetSotre.Infra.Data\DotnetSotre.Infra.Data.csproj", "{FBCFB723-2E0C-4C45-ABBD-E3E0A2F3FE90}"
EndProject
Project("{9A19103F-16F7-4668-BE54-9A1E7A4F7556}") = "WebAPI", "WebAPI\WebAPI.csproj", "{F28996AB-8639-4F76-848E-FF1D262855F0}"
EndProject
Global
	GlobalSection(SolutionConfigurationPlatforms) = preSolution
		Debug|Any CPU = Debug|Any CPU
		Release|Any CPU = Release|Any CPU
	EndGlobalSection
	GlobalSection(ProjectConfigurationPlatforms) = postSolution
		{5E28AF56-40FF-40AE-AFBA-8DEC779160E2}.Debug|Any CPU.ActiveCfg = Debug|Any CPU
		{5E28AF56-40FF-40AE-AFBA-8DEC779160E2}.Debug|Any CPU.Build.0 = Debug|Any CPU
		{5E28AF56-40FF-40AE-AFBA-8DEC779160E2}.Release|Any CPU.ActiveCfg = Release|Any CPU
		{5E28AF56-40FF-40AE-AFBA-8DEC779160E2}.Release|Any CPU.Build.0 = Release|Any CPU
		{FBCFB723-2E0C-4C45-ABBD-E3E0A2F3FE90}.Debug|Any CPU.ActiveCfg = Debug|Any CPU
		{FBCFB723-2E0C-4C45-ABBD-E3E0A2F3FE90}.Debug|Any CPU.Build.0 = Debug|Any CPU
		{FBCFB723-2E0C-4C45-ABBD-E3E0A2F3FE90}.Release|Any CPU.ActiveCfg = Release|Any CPU
		{FBCFB723-2E0C-4C45-ABBD-E3E0A2F3FE90}.Release|Any CPU.Build.0 = Release|Any CPU
		{F28996AB-8639-4F76-848E-FF1D262855F0}.Debug|Any CPU.ActiveCfg = Debug|Any CPU
		{F28996AB-8639-4F76-848E-FF1D262855F0}.Debug|Any CPU.Build.0 = Debug|Any CPU
		{F28996AB-8639-4F76-848E-FF1D262855F0}.Release|Any CPU.ActiveCfg = Release|Any CPU
		{F28996AB-8639-4F76-848E-FF1D262855F0}.Release|Any CPU.Build.0 = Release|Any CPU
	EndGlobalSection
	GlobalSection(SolutionProperties) = preSolution
		HideSolutionNode = FALSE
	EndGlobalSection
	GlobalSection(NestedProjects) = preSolution
		{5E28AF56-40FF-40AE-AFBA-8DEC779160E2} = {E427B4C7-AC13-4C2B-A20E-C1D7595C60AB}
		{E8E6EAA1-A2E4-46FF-8B87-BE9A1C13BCD3} = {61934309-DAA5-481E-8C69-AE24C1F37389}
		{73D3C8D1-5B12-4A99-B958-489B970F5EA0} = {61934309-DAA5-481E-8C69-AE24C1F37389}
		{FBCFB723-2E0C-4C45-ABBD-E3E0A2F3FE90} = {E8E6EAA1-A2E4-46FF-8B87-BE9A1C13BCD3}
		{F28996AB-8639-4F76-848E-FF1D262855F0} = {F7B6822E-D39C-40BA-A75B-7FE7E4D33D65}
	EndGlobalSection
	GlobalSection(ExtensibilityGlobals) = postSolution
		SolutionGuid = {3E1AE67A-2CAE-4C95-A3B8-6AAA608BD640}
	EndGlobalSection
EndGlobal
